<?xml version="1.0" encoding="utf-8"?>
<Project ToolsVersion="4.0" xmlns="http://schemas.microsoft.com/developer/msbuild/2003">
  <ItemGroup>
    <Filter Include="ソース ファイル">
      <UniqueIdentifier>{4FC737F1-C7A5-4376-A066-2A32D752A2FF}</UniqueIdentifier>
      <Extensions>cpp;c;cc;cxx;def;odl;idl;hpj;bat;asm;asmx</Extensions>
    </Filter>
    <Filter Include="ヘッダー ファイル">
      <UniqueIdentifier>{93995380-89BD-4b04-88EB-625FBE52EBFB}</UniqueIdentifier>
      <Extensions>h;hh;hpp;hxx;hm;inl;inc;xsd</Extensions>
    </Filter>
    <Filter Include="リソース ファイル">
      <UniqueIdentifier>{67DA6AB6-F800-4c08-8B7A-83BB121AAD01}</UniqueIdentifier>
      <Extensions>rc;ico;cur;bmp;dlg;rc2;rct;bin;rgs;gif;jpg;jpeg;jpe;resx;tiff;tif;png;wav;mfcribbon-ms</Extensions>
    </Filter>
    <Filter Include="ソース ファイル\dirent">
      <UniqueIdentifier>{cb9f9de8-13e0-4ba6-ab3d-d2e6313cea5b}</UniqueIdentifier>
    </Filter>
    <Filter Include="ソース ファイル\wcwidth">
      <UniqueIdentifier>{67d4e5fa-93c3-40f7-a230-843c1104444f}</UniqueIdentifier>
    </Filter>
  </ItemGroup>
  <ItemGroup>
    <ClCompile Include="main.cpp">
      <Filter>ソース ファイル</Filter>
    </ClCompile>
    <ClCompile Include="dirent\dirent.c">
      <Filter>ソース ファイル\dirent</Filter>
    </ClCompile>
    <ClCompile Include="DirEntry.cpp">
      <Filter>ソース ファイル</Filter>
    </ClCompile>
    <ClCompile Include="DirStack.cpp">
      <Filter>ソース ファイル</Filter>
    </ClCompile>
    <ClCompile Include="DlgInput.cpp">
      <Filter>ソース ファイル</Filter>
    </ClCompile>
    <ClCompile Include="DlgSelect.cpp">
      <Filter>ソース ファイル</Filter>
    </ClCompile>
    <ClCompile Include="FddEmu.cpp">
      <Filter>ソース ファイル</Filter>
    </ClCompile>
    <ClCompile Include="FDSSystem.cpp">
      <Filter>ソース ファイル</Filter>
    </ClCompile>
    <ClCompile Include="FDSSystemFdd.cpp">
      <Filter>ソース ファイル</Filter>
    </ClCompile>
    <ClCompile Include="FDSSystemFiler.cpp">
      <Filter>ソース ファイル</Filter>
    </ClCompile>
    <ClCompile Include="FDSSystemHelp.cpp">
      <Filter>ソース ファイル</Filter>
    </ClCompile>
    <ClCompile Include="FDSSystemInfo.cpp">
      <Filter>ソース ファイル</Filter>
    </ClCompile>
    <ClCompile Include="FDSSystemPath.cpp">
      <Filter>ソース ファイル</Filter>
    </ClCompile>
    <ClCompile Include="IniFile.cpp">
      <Filter>ソース ファイル</Filter>
    </ClCompile>
    <ClCompile Include="WStrUtil.cpp">
      <Filter>ソース ファイル</Filter>
    </ClCompile>
    <ClCompile Include="Log.cpp">
      <Filter>ソース ファイル</Filter>
    </ClCompile>
    <ClCompile Include="FDSSystemCmd.cpp">
      <Filter>ソース ファイル</Filter>
    </ClCompile>
    <ClCompile Include="wcwidth\wcwidth.c">
      <Filter>ソース ファイル</Filter>
    </ClCompile>
    <ClCompile Include="FdDump.cpp">
      <Filter>ソース ファイル</Filter>
    </ClCompile>
    <ClCompile Include="FdxTool.cpp">
      <Filter>ソース ファイル</Filter>
    </ClCompile>
    <ClCompile Include="FDSSystemDump.cpp">
      <Filter>ソース ファイル</Filter>
    </ClCompile>
    <ClCompile Include="FDSSystemRestore.cpp">
      <Filter>ソース ファイル</Filter>
    </ClCompile>
    <ClCompile Include="FdRestore.cpp">
      <Filter>ソース ファイル</Filter>
    </ClCompile>
    <ClCompile Include="FDSConfig.cpp">
      <Filter>ソース ファイル</Filter>
    </ClCompile>
    <ClCompile Include="FDSDrive.cpp">
      <Filter>ソース ファイル</Filter>
    </ClCompile>
    <ClCompile Include="FDSMachine.cpp">
      <Filter>ソース ファイル</Filter>
    </ClCompile>
    <ClCompile Include="MakeArgv.cpp">
      <Filter>ソース ファイル</Filter>
    </ClCompile>
    <ClCompile Include="FDSAnalyzer.cpp">
      <Filter>ソース ファイル</Filter>
    </ClCompile>
    <ClCompile Include="FDSAnalyzerDisk.cpp">
      <Filter>ソース ファイル</Filter>
    </ClCompile>
    <ClCompile Include="FDSCommon.cpp">
      <Filter>ソース ファイル</Filter>
    </ClCompile>
    <ClCompile Include="FDSAnalyzerHelp.cpp">
      <Filter>ソース ファイル</Filter>
    </ClCompile>
    <ClCompile Include="FDSAnalyzerTrack.cpp">
      <Filter>ソース ファイル</Filter>
    </ClCompile>
    <ClCompile Include="FdxView.cpp">
      <Filter>ソース ファイル</Filter>
    </ClCompile>
    <ClCompile Include="FDSAnalyzerSector.cpp">
      <Filter>ソース ファイル</Filter>
    </ClCompile>
    <ClCompile Include="FDSAnalyzerDump.cpp">
      <Filter>ソース ファイル</Filter>
    </ClCompile>
    <ClCompile Include="FDSAnalyzerCmd.cpp">
      <Filter>ソース ファイル</Filter>
    </ClCompile>
    <ClCompile Include="FDSAnalyzerRestore.cpp">
      <Filter>ソース ファイル</Filter>
    </ClCompile>
  </ItemGroup>
  <ItemGroup>
    <ClInclude Include="dirent\dirent.h">
      <Filter>ソース ファイル\dirent</Filter>
    </ClInclude>
    <ClInclude Include="DirEntry.h">
      <Filter>ソース ファイル</Filter>
    </ClInclude>
    <ClInclude Include="DirStack.h">
      <Filter>ソース ファイル</Filter>
    </ClInclude>
    <ClInclude Include="DlgInput.h">
      <Filter>ソース ファイル</Filter>
    </ClInclude>
    <ClInclude Include="DlgSelect.h">
      <Filter>ソース ファイル</Filter>
    </ClInclude>
    <ClInclude Include="FddEmu.h">
      <Filter>ソース ファイル</Filter>
    </ClInclude>
    <ClInclude Include="FDSMacro.h">
      <Filter>ソース ファイル</Filter>
    </ClInclude>
    <ClInclude Include="FDSSystem.h">
      <Filter>ソース ファイル</Filter>
    </ClInclude>
    <ClInclude Include="FDXFile.h">
      <Filter>ソース ファイル</Filter>
    </ClInclude>
    <ClInclude Include="IniFile.h">
      <Filter>ソース ファイル</Filter>
    </ClInclude>
    <ClInclude Include="WStrUtil.h">
      <Filter>ソース ファイル</Filter>
    </ClInclude>
    <ClInclude Include="Log.h">
      <Filter>ソース ファイル</Filter>
    </ClInclude>
    <ClInclude Include="wcwidth\wcwidth.h">
      <Filter>ヘッダー ファイル</Filter>
    </ClInclude>
    <ClInclude Include="FdDump.h">
      <Filter>ソース ファイル</Filter>
    </ClInclude>
    <ClInclude Include="FdxTool.h">
      <Filter>ソース ファイル</Filter>
    </ClInclude>
    <ClInclude Include="FdRestore.h">
      <Filter>ヘッダー ファイル</Filter>
    </ClInclude>
    <ClInclude Include="FDSConfig.h">
      <Filter>ソース ファイル</Filter>
    </ClInclude>
    <ClInclude Include="FDSDrive.h">
      <Filter>ソース ファイル</Filter>
    </ClInclude>
    <ClInclude Include="FDSMachine.h">
      <Filter>ソース ファイル</Filter>
    </ClInclude>
    <ClInclude Include="MakeArgv.h">
      <Filter>ソース ファイル</Filter>
    </ClInclude>
    <ClInclude Include="FDSAnalyzer.h">
      <Filter>ソース ファイル</Filter>
    </ClInclude>
    <ClInclude Include="FDSCommon.h">
      <Filter>ソース ファイル</Filter>
    </ClInclude>
    <ClInclude Include="FdxView.h">
      <Filter>ソース ファイル</Filter>
    </ClInclude>
  </ItemGroup>
</Project>